
Microsoft Visual Studio Solution File, Format Version 12.00
# Visual Studio Version 17
VisualStudioVersion = 17.0.31903.59
MinimumVisualStudioVersion = 10.0.40219.1
Project("{FAE04EC0-301F-11D3-BF4B-00C04F79EFBC}") = "LojaGerenciamento.ConsoleApp", "LojaGerenciamento.ConsoleApp\LojaGerenciamento.ConsoleApp.csproj", "{EE43DC75-BB1C-40FB-91E5-2BB2A85F4AAD}"
EndProject
Project("{FAE04EC0-301F-11D3-BF4B-00C04F79EFBC}") = "LojaGerenciamento.Domain", "LojaGerenciamento.Domain\LojaGerenciamento.Domain.csproj", "{046E3389-FB26-4DEC-995D-84343A888914}"
EndProject
Project("{FAE04EC0-301F-11D3-BF4B-00C04F79EFBC}") = "LojaGerenciamento.Application", "LojaGerenciamento.Application\LojaGerenciamento.Application.csproj", "{A00F7250-AE1A-458F-B764-4FCB20A2C928}"
EndProject
Project("{FAE04EC0-301F-11D3-BF4B-00C04F79EFBC}") = "LojaGerenciamento.Infrastructure", "LojaGerenciamento.Infrastructure\LojaGerenciamento.Infrastructure.csproj", "{3FA1865D-1B71-4129-A10F-6AA1F81BFF84}"
EndProject
Project("{FAE04EC0-301F-11D3-BF4B-00C04F79EFBC}") = "LojaGerenciamento.API", "LojaGerenciamento.API\LojaGerenciamento.API.csproj", "{01B57D6C-E452-4076-B03E-CE07547C17C2}"
EndProject
Global
	GlobalSection(SolutionConfigurationPlatforms) = preSolution
		Debug|Any CPU = Debug|Any CPU
		Debug|x64 = Debug|x64
		Debug|x86 = Debug|x86
		Release|Any CPU = Release|Any CPU
		Release|x64 = Release|x64
		Release|x86 = Release|x86
	EndGlobalSection
	GlobalSection(ProjectConfigurationPlatforms) = postSolution
		{EE43DC75-BB1C-40FB-91E5-2BB2A85F4AAD}.Debug|Any CPU.ActiveCfg = Debug|Any CPU
		{EE43DC75-BB1C-40FB-91E5-2BB2A85F4AAD}.Debug|Any CPU.Build.0 = Debug|Any CPU
		{EE43DC75-BB1C-40FB-91E5-2BB2A85F4AAD}.Debug|x64.ActiveCfg = Debug|Any CPU
		{EE43DC75-BB1C-40FB-91E5-2BB2A85F4AAD}.Debug|x64.Build.0 = Debug|Any CPU
		{EE43DC75-BB1C-40FB-91E5-2BB2A85F4AAD}.Debug|x86.ActiveCfg = Debug|Any CPU
		{EE43DC75-BB1C-40FB-91E5-2BB2A85F4AAD}.Debug|x86.Build.0 = Debug|Any CPU
		{EE43DC75-BB1C-40FB-91E5-2BB2A85F4AAD}.Release|Any CPU.ActiveCfg = Release|Any CPU
		{EE43DC75-BB1C-40FB-91E5-2BB2A85F4AAD}.Release|Any CPU.Build.0 = Release|Any CPU
		{EE43DC75-BB1C-40FB-91E5-2BB2A85F4AAD}.Release|x64.ActiveCfg = Release|Any CPU
		{EE43DC75-BB1C-40FB-91E5-2BB2A85F4AAD}.Release|x64.Build.0 = Release|Any CPU
		{EE43DC75-BB1C-40FB-91E5-2BB2A85F4AAD}.Release|x86.ActiveCfg = Release|Any CPU
		{EE43DC75-BB1C-40FB-91E5-2BB2A85F4AAD}.Release|x86.Build.0 = Release|Any CPU
		{046E3389-FB26-4DEC-995D-84343A888914}.Debug|Any CPU.ActiveCfg = Debug|Any CPU
		{046E3389-FB26-4DEC-995D-84343A888914}.Debug|Any CPU.Build.0 = Debug|Any CPU
		{046E3389-FB26-4DEC-995D-84343A888914}.Debug|x64.ActiveCfg = Debug|Any CPU
		{046E3389-FB26-4DEC-995D-84343A888914}.Debug|x64.Build.0 = Debug|Any CPU
		{046E3389-FB26-4DEC-995D-84343A888914}.Debug|x86.ActiveCfg = Debug|Any CPU
		{046E3389-FB26-4DEC-995D-84343A888914}.Debug|x86.Build.0 = Debug|Any CPU
		{046E3389-FB26-4DEC-995D-84343A888914}.Release|Any CPU.ActiveCfg = Release|Any CPU
		{046E3389-FB26-4DEC-995D-84343A888914}.Release|Any CPU.Build.0 = Release|Any CPU
		{046E3389-FB26-4DEC-995D-84343A888914}.Release|x64.ActiveCfg = Release|Any CPU
		{046E3389-FB26-4DEC-995D-84343A888914}.Release|x64.Build.0 = Release|Any CPU
		{046E3389-FB26-4DEC-995D-84343A888914}.Release|x86.ActiveCfg = Release|Any CPU
		{046E3389-FB26-4DEC-995D-84343A888914}.Release|x86.Build.0 = Release|Any CPU
		{A00F7250-AE1A-458F-B764-4FCB20A2C928}.Debug|Any CPU.ActiveCfg = Debug|Any CPU
		{A00F7250-AE1A-458F-B764-4FCB20A2C928}.Debug|Any CPU.Build.0 = Debug|Any CPU
		{A00F7250-AE1A-458F-B764-4FCB20A2C928}.Debug|x64.ActiveCfg = Debug|Any CPU
		{A00F7250-AE1A-458F-B764-4FCB20A2C928}.Debug|x64.Build.0 = Debug|Any CPU
		{A00F7250-AE1A-458F-B764-4FCB20A2C928}.Debug|x86.ActiveCfg = Debug|Any CPU
		{A00F7250-AE1A-458F-B764-4FCB20A2C928}.Debug|x86.Build.0 = Debug|Any CPU
		{A00F7250-AE1A-458F-B764-4FCB20A2C928}.Release|Any CPU.ActiveCfg = Release|Any CPU
		{A00F7250-AE1A-458F-B764-4FCB20A2C928}.Release|Any CPU.Build.0 = Release|Any CPU
		{A00F7250-AE1A-458F-B764-4FCB20A2C928}.Release|x64.ActiveCfg = Release|Any CPU
		{A00F7250-AE1A-458F-B764-4FCB20A2C928}.Release|x64.Build.0 = Release|Any CPU
		{A00F7250-AE1A-458F-B764-4FCB20A2C928}.Release|x86.ActiveCfg = Release|Any CPU
		{A00F7250-AE1A-458F-B764-4FCB20A2C928}.Release|x86.Build.0 = Release|Any CPU
		{3FA1865D-1B71-4129-A10F-6AA1F81BFF84}.Debug|Any CPU.ActiveCfg = Debug|Any CPU
		{3FA1865D-1B71-4129-A10F-6AA1F81BFF84}.Debug|Any CPU.Build.0 = Debug|Any CPU
		{3FA1865D-1B71-4129-A10F-6AA1F81BFF84}.Debug|x64.ActiveCfg = Debug|Any CPU
		{3FA1865D-1B71-4129-A10F-6AA1F81BFF84}.Debug|x64.Build.0 = Debug|Any CPU
		{3FA1865D-1B71-4129-A10F-6AA1F81BFF84}.Debug|x86.ActiveCfg = Debug|Any CPU
		{3FA1865D-1B71-4129-A10F-6AA1F81BFF84}.Debug|x86.Build.0 = Debug|Any CPU
		{3FA1865D-1B71-4129-A10F-6AA1F81BFF84}.Release|Any CPU.ActiveCfg = Release|Any CPU
		{3FA1865D-1B71-4129-A10F-6AA1F81BFF84}.Release|Any CPU.Build.0 = Release|Any CPU
		{3FA1865D-1B71-4129-A10F-6AA1F81BFF84}.Release|x64.ActiveCfg = Release|Any CPU
		{3FA1865D-1B71-4129-A10F-6AA1F81BFF84}.Release|x64.Build.0 = Release|Any CPU
		{3FA1865D-1B71-4129-A10F-6AA1F81BFF84}.Release|x86.ActiveCfg = Release|Any CPU
		{3FA1865D-1B71-4129-A10F-6AA1F81BFF84}.Release|x86.Build.0 = Release|Any CPU
		{01B57D6C-E452-4076-B03E-CE07547C17C2}.Debug|Any CPU.ActiveCfg = Debug|Any CPU
		{01B57D6C-E452-4076-B03E-CE07547C17C2}.Debug|Any CPU.Build.0 = Debug|Any CPU
		{01B57D6C-E452-4076-B03E-CE07547C17C2}.Debug|x64.ActiveCfg = Debug|Any CPU
		{01B57D6C-E452-4076-B03E-CE07547C17C2}.Debug|x64.Build.0 = Debug|Any CPU
		{01B57D6C-E452-4076-B03E-CE07547C17C2}.Debug|x86.ActiveCfg = Debug|Any CPU
		{01B57D6C-E452-4076-B03E-CE07547C17C2}.Debug|x86.Build.0 = Debug|Any CPU
		{01B57D6C-E452-4076-B03E-CE07547C17C2}.Release|Any CPU.ActiveCfg = Release|Any CPU
		{01B57D6C-E452-4076-B03E-CE07547C17C2}.Release|Any CPU.Build.0 = Release|Any CPU
		{01B57D6C-E452-4076-B03E-CE07547C17C2}.Release|x64.ActiveCfg = Release|Any CPU
		{01B57D6C-E452-4076-B03E-CE07547C17C2}.Release|x64.Build.0 = Release|Any CPU
		{01B57D6C-E452-4076-B03E-CE07547C17C2}.Release|x86.ActiveCfg = Release|Any CPU
		{01B57D6C-E452-4076-B03E-CE07547C17C2}.Release|x86.Build.0 = Release|Any CPU
	EndGlobalSection
	GlobalSection(SolutionProperties) = preSolution
		HideSolutionNode = FALSE
	EndGlobalSection
EndGlobal
